
Microsoft Visual Studio Solution File, Format Version 12.00
Project("{2150E333-8FDC-42A3-9474-1A3956D46DE8}") = "src", "src", "{827E0CD3-B72D-47B6-A68D-7590B98EB39B}"
EndProject
Project("{FAE04EC0-301F-11D3-BF4B-00C04F79EFBC}") = "RPSLSGame.Api", "src\RPSLSGame.Api\RPSLSGame.Api.csproj", "{4C0D0139-7B21-4FAB-8054-9FC3AD579165}"
EndProject
Project("{FAE04EC0-301F-11D3-BF4B-00C04F79EFBC}") = "RPSLSGame.Infrastructure", "src\RPSLSGame.Infrastructure\RPSLSGame.Infrastructure.csproj", "{5B506A23-D29C-4616-8356-9583BCCA162A}"
EndProject
Project("{FAE04EC0-301F-11D3-BF4B-00C04F79EFBC}") = "RPSLSGame.Application", "src\RPSLSGame.Application\RPSLSGame.Application.csproj", "{D46AD4EC-F3BF-42AB-80C5-76B439F9CAAD}"
EndProject
Project("{FAE04EC0-301F-11D3-BF4B-00C04F79EFBC}") = "RPSLSGame.Domain", "src\RPSLSGame.Domain\RPSLSGame.Domain.csproj", "{B0673B5A-2B0F-4CAC-9A18-D14E0C28E32A}"
EndProject
Project("{2150E333-8FDC-42A3-9474-1A3956D46DE8}") = "tests", "tests", "{0AB3BF05-4346-4AA6-1389-037BE0695223}"
EndProject
Project("{FAE04EC0-301F-11D3-BF4B-00C04F79EFBC}") = "RPSLSGame.Tests", "tests\RPSLSGame.Tests\RPSLSGame.Tests.csproj", "{1EB6BFF3-468D-46C4-8112-513AD3F433D9}"
EndProject
Global
	GlobalSection(SolutionConfigurationPlatforms) = preSolution
		Debug|Any CPU = Debug|Any CPU
		Debug|x64 = Debug|x64
		Debug|x86 = Debug|x86
		Release|Any CPU = Release|Any CPU
		Release|x64 = Release|x64
		Release|x86 = Release|x86
	EndGlobalSection
	GlobalSection(ProjectConfigurationPlatforms) = postSolution
		{4C0D0139-7B21-4FAB-8054-9FC3AD579165}.Debug|Any CPU.ActiveCfg = Debug|Any CPU
		{4C0D0139-7B21-4FAB-8054-9FC3AD579165}.Debug|Any CPU.Build.0 = Debug|Any CPU
		{4C0D0139-7B21-4FAB-8054-9FC3AD579165}.Debug|x64.ActiveCfg = Debug|Any CPU
		{4C0D0139-7B21-4FAB-8054-9FC3AD579165}.Debug|x64.Build.0 = Debug|Any CPU
		{4C0D0139-7B21-4FAB-8054-9FC3AD579165}.Debug|x86.ActiveCfg = Debug|Any CPU
		{4C0D0139-7B21-4FAB-8054-9FC3AD579165}.Debug|x86.Build.0 = Debug|Any CPU
		{4C0D0139-7B21-4FAB-8054-9FC3AD579165}.Release|Any CPU.ActiveCfg = Release|Any CPU
		{4C0D0139-7B21-4FAB-8054-9FC3AD579165}.Release|Any CPU.Build.0 = Release|Any CPU
		{4C0D0139-7B21-4FAB-8054-9FC3AD579165}.Release|x64.ActiveCfg = Release|Any CPU
		{4C0D0139-7B21-4FAB-8054-9FC3AD579165}.Release|x64.Build.0 = Release|Any CPU
		{4C0D0139-7B21-4FAB-8054-9FC3AD579165}.Release|x86.ActiveCfg = Release|Any CPU
		{4C0D0139-7B21-4FAB-8054-9FC3AD579165}.Release|x86.Build.0 = Release|Any CPU
		{5B506A23-D29C-4616-8356-9583BCCA162A}.Debug|Any CPU.ActiveCfg = Debug|Any CPU
		{5B506A23-D29C-4616-8356-9583BCCA162A}.Debug|Any CPU.Build.0 = Debug|Any CPU
		{5B506A23-D29C-4616-8356-9583BCCA162A}.Debug|x64.ActiveCfg = Debug|Any CPU
		{5B506A23-D29C-4616-8356-9583BCCA162A}.Debug|x64.Build.0 = Debug|Any CPU
		{5B506A23-D29C-4616-8356-9583BCCA162A}.Debug|x86.ActiveCfg = Debug|Any CPU
		{5B506A23-D29C-4616-8356-9583BCCA162A}.Debug|x86.Build.0 = Debug|Any CPU
		{5B506A23-D29C-4616-8356-9583BCCA162A}.Release|Any CPU.ActiveCfg = Release|Any CPU
		{5B506A23-D29C-4616-8356-9583BCCA162A}.Release|Any CPU.Build.0 = Release|Any CPU
		{5B506A23-D29C-4616-8356-9583BCCA162A}.Release|x64.ActiveCfg = Release|Any CPU
		{5B506A23-D29C-4616-8356-9583BCCA162A}.Release|x64.Build.0 = Release|Any CPU
		{5B506A23-D29C-4616-8356-9583BCCA162A}.Release|x86.ActiveCfg = Release|Any CPU
		{5B506A23-D29C-4616-8356-9583BCCA162A}.Release|x86.Build.0 = Release|Any CPU
		{D46AD4EC-F3BF-42AB-80C5-76B439F9CAAD}.Debug|Any CPU.ActiveCfg = Debug|Any CPU
		{D46AD4EC-F3BF-42AB-80C5-76B439F9CAAD}.Debug|Any CPU.Build.0 = Debug|Any CPU
		{D46AD4EC-F3BF-42AB-80C5-76B439F9CAAD}.Debug|x64.ActiveCfg = Debug|Any CPU
		{D46AD4EC-F3BF-42AB-80C5-76B439F9CAAD}.Debug|x64.Build.0 = Debug|Any CPU
		{D46AD4EC-F3BF-42AB-80C5-76B439F9CAAD}.Debug|x86.ActiveCfg = Debug|Any CPU
		{D46AD4EC-F3BF-42AB-80C5-76B439F9CAAD}.Debug|x86.Build.0 = Debug|Any CPU
		{D46AD4EC-F3BF-42AB-80C5-76B439F9CAAD}.Release|Any CPU.ActiveCfg = Release|Any CPU
		{D46AD4EC-F3BF-42AB-80C5-76B439F9CAAD}.Release|Any CPU.Build.0 = Release|Any CPU
		{D46AD4EC-F3BF-42AB-80C5-76B439F9CAAD}.Release|x64.ActiveCfg = Release|Any CPU
		{D46AD4EC-F3BF-42AB-80C5-76B439F9CAAD}.Release|x64.Build.0 = Release|Any CPU
		{D46AD4EC-F3BF-42AB-80C5-76B439F9CAAD}.Release|x86.ActiveCfg = Release|Any CPU
		{D46AD4EC-F3BF-42AB-80C5-76B439F9CAAD}.Release|x86.Build.0 = Release|Any CPU
		{B0673B5A-2B0F-4CAC-9A18-D14E0C28E32A}.Debug|Any CPU.ActiveCfg = Debug|Any CPU
		{B0673B5A-2B0F-4CAC-9A18-D14E0C28E32A}.Debug|Any CPU.Build.0 = Debug|Any CPU
		{B0673B5A-2B0F-4CAC-9A18-D14E0C28E32A}.Debug|x64.ActiveCfg = Debug|Any CPU
		{B0673B5A-2B0F-4CAC-9A18-D14E0C28E32A}.Debug|x64.Build.0 = Debug|Any CPU
		{B0673B5A-2B0F-4CAC-9A18-D14E0C28E32A}.Debug|x86.ActiveCfg = Debug|Any CPU
		{B0673B5A-2B0F-4CAC-9A18-D14E0C28E32A}.Debug|x86.Build.0 = Debug|Any CPU
		{B0673B5A-2B0F-4CAC-9A18-D14E0C28E32A}.Release|Any CPU.ActiveCfg = Release|Any CPU
		{B0673B5A-2B0F-4CAC-9A18-D14E0C28E32A}.Release|Any CPU.Build.0 = Release|Any CPU
		{B0673B5A-2B0F-4CAC-9A18-D14E0C28E32A}.Release|x64.ActiveCfg = Release|Any CPU
		{B0673B5A-2B0F-4CAC-9A18-D14E0C28E32A}.Release|x64.Build.0 = Release|Any CPU
		{B0673B5A-2B0F-4CAC-9A18-D14E0C28E32A}.Release|x86.ActiveCfg = Release|Any CPU
		{B0673B5A-2B0F-4CAC-9A18-D14E0C28E32A}.Release|x86.Build.0 = Release|Any CPU
		{1EB6BFF3-468D-46C4-8112-513AD3F433D9}.Debug|Any CPU.ActiveCfg = Debug|Any CPU
		{1EB6BFF3-468D-46C4-8112-513AD3F433D9}.Debug|Any CPU.Build.0 = Debug|Any CPU
		{1EB6BFF3-468D-46C4-8112-513AD3F433D9}.Debug|x64.ActiveCfg = Debug|Any CPU
		{1EB6BFF3-468D-46C4-8112-513AD3F433D9}.Debug|x64.Build.0 = Debug|Any CPU
		{1EB6BFF3-468D-46C4-8112-513AD3F433D9}.Debug|x86.ActiveCfg = Debug|Any CPU
		{1EB6BFF3-468D-46C4-8112-513AD3F433D9}.Debug|x86.Build.0 = Debug|Any CPU
		{1EB6BFF3-468D-46C4-8112-513AD3F433D9}.Release|Any CPU.ActiveCfg = Release|Any CPU
		{1EB6BFF3-468D-46C4-8112-513AD3F433D9}.Release|Any CPU.Build.0 = Release|Any CPU
		{1EB6BFF3-468D-46C4-8112-513AD3F433D9}.Release|x64.ActiveCfg = Release|Any CPU
		{1EB6BFF3-468D-46C4-8112-513AD3F433D9}.Release|x64.Build.0 = Release|Any CPU
		{1EB6BFF3-468D-46C4-8112-513AD3F433D9}.Release|x86.ActiveCfg = Release|Any CPU
		{1EB6BFF3-468D-46C4-8112-513AD3F433D9}.Release|x86.Build.0 = Release|Any CPU
	EndGlobalSection
	GlobalSection(SolutionProperties) = preSolution
		HideSolutionNode = FALSE
	EndGlobalSection
	GlobalSection(NestedProjects) = preSolution
		{4C0D0139-7B21-4FAB-8054-9FC3AD579165} = {827E0CD3-B72D-47B6-A68D-7590B98EB39B}
		{5B506A23-D29C-4616-8356-9583BCCA162A} = {827E0CD3-B72D-47B6-A68D-7590B98EB39B}
		{D46AD4EC-F3BF-42AB-80C5-76B439F9CAAD} = {827E0CD3-B72D-47B6-A68D-7590B98EB39B}
		{B0673B5A-2B0F-4CAC-9A18-D14E0C28E32A} = {827E0CD3-B72D-47B6-A68D-7590B98EB39B}
		{1EB6BFF3-468D-46C4-8112-513AD3F433D9} = {0AB3BF05-4346-4AA6-1389-037BE0695223}
	EndGlobalSection
EndGlobal
